
Microsoft Visual Studio Solution File, Format Version 12.00
# Visual Studio Version 16
VisualStudioVersion = 16.0.31424.327
MinimumVisualStudioVersion = 10.0.40219.1
Project("{FAE04EC0-301F-11D3-BF4B-00C04F79EFBC}") = "AccountingNote", "AccountingNote\AccountingNote.csproj", "{B91CE1E3-B238-490A-AF61-3799A0CD523A}"
EndProject
Project("{FAE04EC0-301F-11D3-BF4B-00C04F79EFBC}") = "AccountingNote.DBSource", "AccountingNote.DBSource\AccountingNote.DBSource.csproj", "{1ED161FA-C2CA-407F-B03B-B5F8301E4914}"
EndProject
Global
	GlobalSection(SolutionConfigurationPlatforms) = preSolution
		Debug|Any CPU = Debug|Any CPU
		Release|Any CPU = Release|Any CPU
	EndGlobalSection
	GlobalSection(ProjectConfigurationPlatforms) = postSolution
		{B91CE1E3-B238-490A-AF61-3799A0CD523A}.Debug|Any CPU.ActiveCfg = Debug|Any CPU
		{B91CE1E3-B238-490A-AF61-3799A0CD523A}.Debug|Any CPU.Build.0 = Debug|Any CPU
		{B91CE1E3-B238-490A-AF61-3799A0CD523A}.Release|Any CPU.ActiveCfg = Release|Any CPU
		{B91CE1E3-B238-490A-AF61-3799A0CD523A}.Release|Any CPU.Build.0 = Release|Any CPU
		{1ED161FA-C2CA-407F-B03B-B5F8301E4914}.Debug|Any CPU.ActiveCfg = Debug|Any CPU
		{1ED161FA-C2CA-407F-B03B-B5F8301E4914}.Debug|Any CPU.Build.0 = Debug|Any CPU
		{1ED161FA-C2CA-407F-B03B-B5F8301E4914}.Release|Any CPU.ActiveCfg = Release|Any CPU
		{1ED161FA-C2CA-407F-B03B-B5F8301E4914}.Release|Any CPU.Build.0 = Release|Any CPU
	EndGlobalSection
	GlobalSection(SolutionProperties) = preSolution
		HideSolutionNode = FALSE
	EndGlobalSection
	GlobalSection(ExtensibilityGlobals) = postSolution
		SolutionGuid = {3585B7BB-6886-4A9C-8AC7-AFF8A9DBC476}
	EndGlobalSection
EndGlobal
